{
  "name": "minute-viewer",
  "version": "1.0.0",
  "lockfileVersion": 1,
  "requires": true,
  "dependencies": {
    "cplayer": {
      "version": "3.2.2",
      "resolved": "https://registry.npmjs.org/cplayer/-/cplayer-3.2.2.tgz",
      "integrity": "sha512-v8sn5cAArBJzkShviu1gJJydVb1wEIgt4s9aIx10APDnAjHOZDN9LWd27hyTVwAmz3J+WWlsCqqs8gSZ/jJa5A=="
    }
  }
}
